
Microsoft Visual Studio Solution File, Format Version 12.00
# Visual Studio Version 16
VisualStudioVersion = 16.0.28922.388
MinimumVisualStudioVersion = 10.0.40219.1
Project("{9A19103F-16F7-4668-BE54-9A1E7A4F7556}") = "App-Agenda", "App-Agenda.csproj", "{EC7EB4C0-5C9A-44CC-91CA-C1FCD46ED34D}"
EndProject
Global
	GlobalSection(SolutionConfigurationPlatforms) = preSolution
		Debug|Any CPU = Debug|Any CPU
		Release|Any CPU = Release|Any CPU
	EndGlobalSection
	GlobalSection(ProjectConfigurationPlatforms) = postSolution
		{EC7EB4C0-5C9A-44CC-91CA-C1FCD46ED34D}.Debug|Any CPU.ActiveCfg = Debug|Any CPU
		{EC7EB4C0-5C9A-44CC-91CA-C1FCD46ED34D}.Debug|Any CPU.Build.0 = Debug|Any CPU
		{EC7EB4C0-5C9A-44CC-91CA-C1FCD46ED34D}.Release|Any CPU.ActiveCfg = Release|Any CPU
		{EC7EB4C0-5C9A-44CC-91CA-C1FCD46ED34D}.Release|Any CPU.Build.0 = Release|Any CPU
	EndGlobalSection
	GlobalSection(SolutionProperties) = preSolution
		HideSolutionNode = FALSE
	EndGlobalSection
	GlobalSection(ExtensibilityGlobals) = postSolution
		SolutionGuid = {C4C13A90-6E1E-442C-8DA6-49B33A27CCE8}
	EndGlobalSection
EndGlobal
